<?xml version="1.0" encoding="utf-8"?>
<Project ToolsVersion="4.0" xmlns="http://schemas.microsoft.com/developer/msbuild/2003">
  <ItemGroup>
    <Filter Include="Source Files">
      <UniqueIdentifier>{4FC737F1-C7A5-4376-A066-2A32D752A2FF}</UniqueIdentifier>
      <Extensions>cpp;c;cc;cxx;def;odl;idl;hpj;bat;asm;asmx</Extensions>
    </Filter>
    <Filter Include="Header Files">
      <UniqueIdentifier>{93995380-89BD-4b04-88EB-625FBE52EBFB}</UniqueIdentifier>
      <Extensions>h;hh;hpp;hxx;hm;inl;inc;xsd</Extensions>
    </Filter>
    <Filter Include="Resource Files">
      <UniqueIdentifier>{67DA6AB6-F800-4c08-8B7A-83BB121AAD01}</UniqueIdentifier>
      <Extensions>rc;ico;cur;bmp;dlg;rc2;rct;bin;rgs;gif;jpg;jpeg;jpe;resx;tiff;tif;png;wav;mfcribbon-ms</Extensions>
    </Filter>
    <Filter Include="Source Files\FileStructure">
      <UniqueIdentifier>{b509b78e-999b-4ebf-b7e4-dd395157e014}</UniqueIdentifier>
    </Filter>
    <Filter Include="Header Files\FileStructure">
      <UniqueIdentifier>{876ed9b7-5add-4e6e-aca5-9e7395008413}</UniqueIdentifier>
    </Filter>
    <Filter Include="Header Files\FileStructure\generated">
      <UniqueIdentifier>{ca1293c1-371a-4ecc-9e89-ef9b3d4010cd}</UniqueIdentifier>
    </Filter>
  </ItemGroup>
  <ItemGroup>
    <ClCompile Include="main.cpp">
      <Filter>Source Files</Filter>
    </ClCompile>
    <ClCompile Include="TestSaving.cpp">
      <Filter>Source Files</Filter>
    </ClCompile>
    <ClCompile Include="Data.cpp">
      <Filter>Source Files\FileStructure</Filter>
    </ClCompile>
    <ClCompile Include="Document.cpp">
      <Filter>Source Files\FileStructure</Filter>
    </ClCompile>
    <ClCompile Include="FileStructure\generated\FileStructure.lazy.cpp">
      <Filter>Source Files\FileStructure</Filter>
    </ClCompile>
    <ClCompile Include="include\FileStructure\generated\FileStructure.pb.cc">
      <Filter>Source Files\FileStructure</Filter>
    </ClCompile>
    <ClCompile Include="Identity.cpp">
      <Filter>Source Files\FileStructure</Filter>
    </ClCompile>
  </ItemGroup>
  <ItemGroup>
    <ClInclude Include="stdafx.h">
      <Filter>Header Files</Filter>
    </ClInclude>
    <ClInclude Include="include\FileStructure\Data.h">
      <Filter>Header Files\FileStructure</Filter>
    </ClInclude>
    <ClInclude Include="include\FileStructure\Document.h">
      <Filter>Header Files\FileStructure</Filter>
    </ClInclude>
    <ClInclude Include="include\FileStructure\Identity.h">
      <Filter>Header Files\FileStructure</Filter>
    </ClInclude>
    <ClInclude Include="include\FileStructure\generated\FileStructure.lazy.h">
      <Filter>Header Files\FileStructure\generated</Filter>
    </ClInclude>
    <ClInclude Include="include\FileStructure\generated\FileStructure.pb.h">
      <Filter>Header Files\FileStructure\generated</Filter>
    </ClInclude>
    <ClInclude Include="include\FileStructure\Common\ArrayList.h">
      <Filter>Header Files\FileStructure\generated</Filter>
    </ClInclude>
  </ItemGroup>
  <ItemGroup>
    <CustomBuild Include="FileStructure.xml">
      <Filter>Resource Files</Filter>
    </CustomBuild>
  </ItemGroup>
</Project>